
Microsoft Visual Studio Solution File, Format Version 12.00
# Visual Studio Version 17
VisualStudioVersion = 17.9.34723.18
MinimumVisualStudioVersion = 10.0.40219.1
Project("{9A19103F-16F7-4668-BE54-9A1E7A4F7556}") = "SampleProject", "SampleProject\SampleProject.csproj", "{EC1D7F26-58AC-4068-83D9-FC4796C5C86F}"
EndProject
Project("{FAE04EC0-301F-11D3-BF4B-00C04F79EFBC}") = "View_and_Razor", "View_and_Razor\View_and_Razor.csproj", "{2A8EBCDC-9B0C-40A2-A046-C590C891A7AF}"
EndProject
Project("{9A19103F-16F7-4668-BE54-9A1E7A4F7556}") = "UrIHelpers_HtmlHelpers_TagHelpers", "UrIHelpers_HtmlHelpers_TagHelpers\UrIHelpers_HtmlHelpers_TagHelpers.csproj", "{F84DB321-336A-4A1C-8167-BA1F135EB8F9}"
EndProject
Project("{FAE04EC0-301F-11D3-BF4B-00C04F79EFBC}") = "ModelBinding", "ModelBinding\ModelBinding.csproj", "{C1620498-7847-4078-BAB7-9EC4743C29EC}"
EndProject
Global
	GlobalSection(SolutionConfigurationPlatforms) = preSolution
		Debug|Any CPU = Debug|Any CPU
		Release|Any CPU = Release|Any CPU
	EndGlobalSection
	GlobalSection(ProjectConfigurationPlatforms) = postSolution
		{EC1D7F26-58AC-4068-83D9-FC4796C5C86F}.Debug|Any CPU.ActiveCfg = Debug|Any CPU
		{EC1D7F26-58AC-4068-83D9-FC4796C5C86F}.Debug|Any CPU.Build.0 = Debug|Any CPU
		{EC1D7F26-58AC-4068-83D9-FC4796C5C86F}.Release|Any CPU.ActiveCfg = Release|Any CPU
		{EC1D7F26-58AC-4068-83D9-FC4796C5C86F}.Release|Any CPU.Build.0 = Release|Any CPU
		{2A8EBCDC-9B0C-40A2-A046-C590C891A7AF}.Debug|Any CPU.ActiveCfg = Debug|Any CPU
		{2A8EBCDC-9B0C-40A2-A046-C590C891A7AF}.Debug|Any CPU.Build.0 = Debug|Any CPU
		{2A8EBCDC-9B0C-40A2-A046-C590C891A7AF}.Release|Any CPU.ActiveCfg = Release|Any CPU
		{2A8EBCDC-9B0C-40A2-A046-C590C891A7AF}.Release|Any CPU.Build.0 = Release|Any CPU
		{F84DB321-336A-4A1C-8167-BA1F135EB8F9}.Debug|Any CPU.ActiveCfg = Debug|Any CPU
		{F84DB321-336A-4A1C-8167-BA1F135EB8F9}.Debug|Any CPU.Build.0 = Debug|Any CPU
		{F84DB321-336A-4A1C-8167-BA1F135EB8F9}.Release|Any CPU.ActiveCfg = Release|Any CPU
		{F84DB321-336A-4A1C-8167-BA1F135EB8F9}.Release|Any CPU.Build.0 = Release|Any CPU
		{C1620498-7847-4078-BAB7-9EC4743C29EC}.Debug|Any CPU.ActiveCfg = Debug|Any CPU
		{C1620498-7847-4078-BAB7-9EC4743C29EC}.Debug|Any CPU.Build.0 = Debug|Any CPU
		{C1620498-7847-4078-BAB7-9EC4743C29EC}.Release|Any CPU.ActiveCfg = Release|Any CPU
		{C1620498-7847-4078-BAB7-9EC4743C29EC}.Release|Any CPU.Build.0 = Release|Any CPU
	EndGlobalSection
	GlobalSection(SolutionProperties) = preSolution
		HideSolutionNode = FALSE
	EndGlobalSection
	GlobalSection(ExtensibilityGlobals) = postSolution
		SolutionGuid = {D1122A38-9AB2-46E5-A85E-77A0AF7F7DAE}
	EndGlobalSection
EndGlobal
